github.com/leonelquinteros/gotext v1.7.2 h1:bDPndU8nt+/kRo1m4l/1OXiiy2v7Z7dfPQ9+YP7G1Mc=
github.com/leonelquinteros/gotext v1.7.2/go.mod h1:9/haCkm5P7Jay1sxKDGJ5WIg4zkz8oZKw4ekNpALob8=
golang.org/x/text v0.39.0 h1:UbZz4pLOvn600D6Oh6GGEI6VAmndrEBLv8/6BEXzyus=
golang.org/x/text v0.39.0/go.mod h1:3UwRclnC2g0TU9x8PZiyfOajCd1zaUNHF9cvqcQZ+ZM=
